// !$*UTF8*$!
{
	archiveVersion = 1;
	classes = {
	};
	objectVersion = 56;
	objects = {

/* Begin PBXBuildFile section */
		322B992F2A97564700BC1EF4 /* TaskFlowApp.swift in Sources */ = {isa = PBXBuildFile; fileRef = 322B992E2A97564700BC1EF4 /* TaskFlowApp.swift */; };
		322B99332A97564C00BC1EF4 /* Assets.xcassets in Resources */ = {isa = PBXBuildFile; fileRef = 322B99322A97564C00BC1EF4 /* Assets.xcassets */; };
		322B99362A97564C00BC1EF4 /* Preview Assets.xcassets in Resources */ = {isa = PBXBuildFile; fileRef = 322B99352A97564C00BC1EF4 /* Preview Assets.xcassets */; };
		322B99402A97574A00BC1EF4 /* TaskListView.swift in Sources */ = {isa = PBXBuildFile; fileRef = 322B993F2A97574A00BC1EF4 /* TaskListView.swift */; };
		322B99422A97578100BC1EF4 /* TaskRowView.swift in Sources */ = {isa = PBXBuildFile; fileRef = 322B99412A97578100BC1EF4 /* TaskRowView.swift */; };
		322B99442A975A2A00BC1EF4 /* AddTaskView.swift in Sources */ = {isa = PBXBuildFile; fileRef = 322B99432A975A2A00BC1EF4 /* AddTaskView.swift */; };
		322B99462A975A4000BC1EF4 /* NoTaskView.swift in Sources */ = {isa = PBXBuildFile; fileRef = 322B99452A975A4000BC1EF4 /* NoTaskView.swift */; };
		322B994A2A975AB100BC1EF4 /* SettingsView.swift in Sources */ = {isa = PBXBuildFile; fileRef = 322B99492A975AB100BC1EF4 /* SettingsView.swift */; };
		322B994C2A975AE700BC1EF4 /* TaskFlowView.swift in Sources */ = {isa = PBXBuildFile; fileRef = 322B994B2A975AE700BC1EF4 /* TaskFlowView.swift */; };
		322B994E2A9764B400BC1EF4 /* ViewModel.swift in Sources */ = {isa = PBXBuildFile; fileRef = 322B994D2A9764B400BC1EF4 /* ViewModel.swift */; };
		322B99502A9764BC00BC1EF4 /* Model.swift in Sources */ = {isa = PBXBuildFile; fileRef = 322B994F2A9764BC00BC1EF4 /* Model.swift */; };
		326D79ED2A9C6F5E00535DAD /* LaunchScreen.storyboard in Resources */ = {isa = PBXBuildFile; fileRef = 326D79EC2A9C6F5E00535DAD /* LaunchScreen.storyboard */; };
		3275C40C2A98717200F3B9CC /* EditTaskView.swift in Sources */ = {isa = PBXBuildFile; fileRef = 3275C40B2A98717200F3B9CC /* EditTaskView.swift */; };
		3275C40F2A9879BE00F3B9CC /* Background.swift in Sources */ = {isa = PBXBuildFile; fileRef = 3275C40E2A9879BE00F3B9CC /* Background.swift */; };
/* End PBXBuildFile section */

/* Begin PBXFileReference section */
		322B992B2A97564700BC1EF4 /* TaskFlow.app */ = {isa = PBXFileReference; explicitFileType = wrapper.application; includeInIndex = 0; path = TaskFlow.app; sourceTree = BUILT_PRODUCTS_DIR; };
		322B992E2A97564700BC1EF4 /* TaskFlowApp.swift */ = {isa = PBXFileReference; lastKnownFileType = sourcecode.swift; path = TaskFlowApp.swift; sourceTree = "<group>"; };
		322B99322A97564C00BC1EF4 /* Assets.xcassets */ = {isa = PBXFileReference; lastKnownFileType = folder.assetcatalog; path = Assets.xcassets; sourceTree = "<group>"; };
		322B99352A97564C00BC1EF4 /* Preview Assets.xcassets */ = {isa = PBXFileReference; lastKnownFileType = folder.assetcatalog; path = "Preview Assets.xcassets"; sourceTree = "<group>"; };
		322B993F2A97574A00BC1EF4 /* TaskListView.swift */ = {isa = PBXFileReference; lastKnownFileType = sourcecode.swift; path = TaskListView.swift; sourceTree = "<group>"; };
		322B99412A97578100BC1EF4 /* TaskRowView.swift */ = {isa = PBXFileReference; lastKnownFileType = sourcecode.swift; path = TaskRowView.swift; sourceTree = "<group>"; };
		322B99432A975A2A00BC1EF4 /* AddTaskView.swift */ = {isa = PBXFileReference; lastKnownFileType = sourcecode.swift; path = AddTaskView.swift; sourceTree = "<group>"; };
		322B99452A975A4000BC1EF4 /* NoTaskView.swift */ = {isa = PBXFileReference; lastKnownFileType = sourcecode.swift; path = NoTaskView.swift; sourceTree = "<group>"; };
		322B99492A975AB100BC1EF4 /* SettingsView.swift */ = {isa = PBXFileReference; lastKnownFileType = sourcecode.swift; path = SettingsView.swift; sourceTree = "<group>"; };
		322B994B2A975AE700BC1EF4 /* TaskFlowView.swift */ = {isa = PBXFileReference; lastKnownFileType = sourcecode.swift; path = TaskFlowView.swift; sourceTree = "<group>"; };
		322B994D2A9764B400BC1EF4 /* ViewModel.swift */ = {isa = PBXFileReference; lastKnownFileType = sourcecode.swift; path = ViewModel.swift; sourceTree = "<group>"; };
		322B994F2A9764BC00BC1EF4 /* Model.swift */ = {isa = PBXFileReference; lastKnownFileType = sourcecode.swift; path = Model.swift; sourceTree = "<group>"; };
		326D79EC2A9C6F5E00535DAD /* LaunchScreen.storyboard */ = {isa = PBXFileReference; lastKnownFileType = file.storyboard; path = LaunchScreen.storyboard; sourceTree = "<group>"; };
		3275C40B2A98717200F3B9CC /* EditTaskView.swift */ = {isa = PBXFileReference; lastKnownFileType = sourcecode.swift; path = EditTaskView.swift; sourceTree = "<group>"; };
		3275C40E2A9879BE00F3B9CC /* Background.swift */ = {isa = PBXFileReference; lastKnownFileType = sourcecode.swift; path = Background.swift; sourceTree = "<group>"; };
/* End PBXFileReference section */

/* Begin PBXFrameworksBuildPhase section */
		322B99282A97564700BC1EF4 /* Frameworks */ = {
			isa = PBXFrameworksBuildPhase;
			buildActionMask = 2147483647;
			files = (
			);
			runOnlyForDeploymentPostprocessing = 0;
		};
/* End PBXFrameworksBuildPhase section */

/* Begin PBXGroup section */
		322B99222A97564700BC1EF4 = {
			isa = PBXGroup;
			children = (
				322B992D2A97564700BC1EF4 /* TaskFlow */,
				322B992C2A97564700BC1EF4 /* Products */,
			);
			sourceTree = "<group>";
		};
		322B992C2A97564700BC1EF4 /* Products */ = {
			isa = PBXGroup;
			children = (
				322B992B2A97564700BC1EF4 /* TaskFlow.app */,
			);
			name = Products;
			sourceTree = "<group>";
		};
		322B992D2A97564700BC1EF4 /* TaskFlow */ = {
			isa = PBXGroup;
			children = (
				322B992E2A97564700BC1EF4 /* TaskFlowApp.swift */,
				322B993C2A9756A500BC1EF4 /* View */,
				322B993D2A9756B600BC1EF4 /* ViewModel */,
				322B993E2A9756C000BC1EF4 /* Model */,
				322B99322A97564C00BC1EF4 /* Assets.xcassets */,
				322B99342A97564C00BC1EF4 /* Preview Content */,
			);
			path = TaskFlow;
			sourceTree = "<group>";
		};
		322B99342A97564C00BC1EF4 /* Preview Content */ = {
			isa = PBXGroup;
			children = (
				322B99352A97564C00BC1EF4 /* Preview Assets.xcassets */,
			);
			path = "Preview Content";
			sourceTree = "<group>";
		};
		322B993C2A9756A500BC1EF4 /* View */ = {
			isa = PBXGroup;
			children = (
				322B994B2A975AE700BC1EF4 /* TaskFlowView.swift */,
				322B99472A975A7D00BC1EF4 /* Tasks */,
				322B99482A975A9600BC1EF4 /* Settings */,
			);
			path = View;
			sourceTree = "<group>";
		};
		322B993D2A9756B600BC1EF4 /* ViewModel */ = {
			isa = PBXGroup;
			children = (
				322B994D2A9764B400BC1EF4 /* ViewModel.swift */,
			);
			path = ViewModel;
			sourceTree = "<group>";
		};
		322B993E2A9756C000BC1EF4 /* Model */ = {
			isa = PBXGroup;
			children = (
				322B994F2A9764BC00BC1EF4 /* Model.swift */,
			);
			path = Model;
			sourceTree = "<group>";
		};
		322B99472A975A7D00BC1EF4 /* Tasks */ = {
			isa = PBXGroup;
			children = (
				3275C40D2A9879B200F3B9CC /* SubViews */,
				322B993F2A97574A00BC1EF4 /* TaskListView.swift */,
				322B99412A97578100BC1EF4 /* TaskRowView.swift */,
				322B99432A975A2A00BC1EF4 /* AddTaskView.swift */,
				3275C40B2A98717200F3B9CC /* EditTaskView.swift */,
				322B99452A975A4000BC1EF4 /* NoTaskView.swift */,
				326D79EC2A9C6F5E00535DAD /* LaunchScreen.storyboard */,
			);
			path = Tasks;
			sourceTree = "<group>";
		};
		322B99482A975A9600BC1EF4 /* Settings */ = {
			isa = PBXGroup;
			children = (
				322B99492A975AB100BC1EF4 /* SettingsView.swift */,
			);
			path = Settings;
			sourceTree = "<group>";
		};
		3275C40D2A9879B200F3B9CC /* SubViews */ = {
			isa = PBXGroup;
			children = (
				3275C40E2A9879BE00F3B9CC /* Background.swift */,
			);
			path = SubViews;
			sourceTree = "<group>";
		};
/* End PBXGroup section */

/* Begin PBXNativeTarget section */
		322B992A2A97564700BC1EF4 /* TaskFlow */ = {
			isa = PBXNativeTarget;
			buildConfigurationList = 322B99392A97564C00BC1EF4 /* Build configuration list for PBXNativeTarget "TaskFlow" */;
			buildPhases = (
				322B99272A97564700BC1EF4 /* Sources */,
				322B99282A97564700BC1EF4 /* Frameworks */,
				322B99292A97564700BC1EF4 /* Resources */,
			);
			buildRules = (
			);
			dependencies = (
			);
			name = TaskFlow;
			productName = TaskFlow;
			productReference = 322B992B2A97564700BC1EF4 /* TaskFlow.app */;
			productType = "com.apple.product-type.application";
		};
/* End PBXNativeTarget section */

/* Begin PBXProject section */
		322B99232A97564700BC1EF4 /* Project object */ = {
			isa = PBXProject;
			attributes = {
				BuildIndependentTargetsInParallel = 1;
				LastSwiftUpdateCheck = 1430;
				LastUpgradeCheck = 1430;
				TargetAttributes = {
					322B992A2A97564700BC1EF4 = {
						CreatedOnToolsVersion = 14.3.1;
					};
				};
			};
			buildConfigurationList = 322B99262A97564700BC1EF4 /* Build configuration list for PBXProject "TaskFlow" */;
			compatibilityVersion = "Xcode 14.0";
			developmentRegion = en;
			hasScannedForEncodings = 0;
			knownRegions = (
				en,
				Base,
			);
			mainGroup = 322B99222A97564700BC1EF4;
			productRefGroup = 322B992C2A97564700BC1EF4 /* Products */;
			projectDirPath = "";
			projectRoot = "";
			targets = (
				322B992A2A97564700BC1EF4 /* TaskFlow */,
			);
		};
/* End PBXProject section */

/* Begin PBXResourcesBuildPhase section */
		322B99292A97564700BC1EF4 /* Resources */ = {
			isa = PBXResourcesBuildPhase;
			buildActionMask = 2147483647;
			files = (
				326D79ED2A9C6F5E00535DAD /* LaunchScreen.storyboard in Resources */,
				322B99362A97564C00BC1EF4 /* Preview Assets.xcassets in Resources */,
				322B99332A97564C00BC1EF4 /* Assets.xcassets in Resources */,
			);
			runOnlyForDeploymentPostprocessing = 0;
		};
/* End PBXResourcesBuildPhase section */

/* Begin PBXSourcesBuildPhase section */
		322B99272A97564700BC1EF4 /* Sources */ = {
			isa = PBXSourcesBuildPhase;
			buildActionMask = 2147483647;
			files = (
				3275C40F2A9879BE00F3B9CC /* Background.swift in Sources */,
				322B99502A9764BC00BC1EF4 /* Model.swift in Sources */,
				322B99462A975A4000BC1EF4 /* NoTaskView.swift in Sources */,
				322B992F2A97564700BC1EF4 /* TaskFlowApp.swift in Sources */,
				322B99422A97578100BC1EF4 /* TaskRowView.swift in Sources */,
				322B994A2A975AB100BC1EF4 /* SettingsView.swift in Sources */,
				322B99402A97574A00BC1EF4 /* TaskListView.swift in Sources */,
				322B99442A975A2A00BC1EF4 /* AddTaskView.swift in Sources */,
				322B994E2A9764B400BC1EF4 /* ViewModel.swift in Sources */,
				322B994C2A975AE700BC1EF4 /* TaskFlowView.swift in Sources */,
				3275C40C2A98717200F3B9CC /* EditTaskView.swift in Sources */,
			);
			runOnlyForDeploymentPostprocessing = 0;
		};
/* End PBXSourcesBuildPhase section */

/* Begin XCBuildConfiguration section */
		322B99372A97564C00BC1EF4 /* Debug */ = {
			isa = XCBuildConfiguration;
			buildSettings = {
				ALWAYS_SEARCH_USER_PATHS = NO;
				CLANG_ANALYZER_NONNULL = YES;
				CLANG_ANALYZER_NUMBER_OBJECT_CONVERSION = YES_AGGRESSIVE;
				CLANG_CXX_LANGUAGE_STANDARD = "gnu++20";
				CLANG_ENABLE_MODULES = YES;
				CLANG_ENABLE_OBJC_ARC = YES;
				CLANG_ENABLE_OBJC_WEAK = YES;
				CLANG_WARN_BLOCK_CAPTURE_AUTORELEASING = YES;
				CLANG_WARN_BOOL_CONVERSION = YES;
				CLANG_WARN_COMMA = YES;
				CLANG_WARN_CONSTANT_CONVERSION = YES;
				CLANG_WARN_DEPRECATED_OBJC_IMPLEMENTATIONS = YES;
				CLANG_WARN_DIRECT_OBJC_ISA_USAGE = YES_ERROR;
				CLANG_WARN_DOCUMENTATION_COMMENTS = YES;
				CLANG_WARN_EMPTY_BODY = YES;
				CLANG_WARN_ENUM_CONVERSION = YES;
				CLANG_WARN_INFINITE_RECURSION = YES;
				CLANG_WARN_INT_CONVERSION = YES;
				CLANG_WARN_NON_LITERAL_NULL_CONVERSION = YES;
				CLANG_WARN_OBJC_IMPLICIT_RETAIN_SELF = YES;
				CLANG_WARN_OBJC_LITERAL_CONVERSION = YES;
				CLANG_WARN_OBJC_ROOT_CLASS = YES_ERROR;
				CLANG_WARN_QUOTED_INCLUDE_IN_FRAMEWORK_HEADER = YES;
				CLANG_WARN_RANGE_LOOP_ANALYSIS = YES;
				CLANG_WARN_STRICT_PROTOTYPES = YES;
				CLANG_WARN_SUSPICIOUS_MOVE = YES;
				CLANG_WARN_UNGUARDED_AVAILABILITY = YES_AGGRESSIVE;
				CLANG_WARN_UNREACHABLE_CODE = YES;
				CLANG_WARN__DUPLICATE_METHOD_MATCH = YES;
				COPY_PHASE_STRIP = NO;
				DEBUG_INFORMATION_FORMAT = dwarf;
				ENABLE_STRICT_OBJC_MSGSEND = YES;
				ENABLE_TESTABILITY = YES;
				GCC_C_LANGUAGE_STANDARD = gnu11;
				GCC_DYNAMIC_NO_PIC = NO;
				GCC_NO_COMMON_BLOCKS = YES;
				GCC_OPTIMIZATION_LEVEL = 0;
				GCC_PREPROCESSOR_DEFINITIONS = (
					"DEBUG=1",
					"$(inherited)",
				);
				GCC_WARN_64_TO_32_BIT_CONVERSION = YES;
				GCC_WARN_ABOUT_RETURN_TYPE = YES_ERROR;
				GCC_WARN_UNDECLARED_SELECTOR = YES;
				GCC_WARN_UNINITIALIZED_AUTOS = YES_AGGRESSIVE;
				GCC_WARN_UNUSED_FUNCTION = YES;
				GCC_WARN_UNUSED_VARIABLE = YES;
				IPHONEOS_DEPLOYMENT_TARGET = 16.4;
				MTL_ENABLE_DEBUG_INFO = INCLUDE_SOURCE;
				MTL_FAST_MATH = YES;
				ONLY_ACTIVE_ARCH = YES;
				SDKROOT = iphoneos;
				SWIFT_ACTIVE_COMPILATION_CONDITIONS = DEBUG;
				SWIFT_OPTIMIZATION_LEVEL = "-Onone";
			};
			name = Debug;
		};
		322B99382A97564C00BC1EF4 /* Release */ = {
			isa = XCBuildConfiguration;
			buildSettings = {
				ALWAYS_SEARCH_USER_PATHS = NO;
				CLANG_ANALYZER_NONNULL = YES;
				CLANG_ANALYZER_NUMBER_OBJECT_CONVERSION = YES_AGGRESSIVE;
				CLANG_CXX_LANGUAGE_STANDARD = "gnu++20";
				CLANG_ENABLE_MODULES = YES;
				CLANG_ENABLE_OBJC_ARC = YES;
				CLANG_ENABLE_OBJC_WEAK = YES;
				CLANG_WARN_BLOCK_CAPTURE_AUTORELEASING = YES;
				CLANG_WARN_BOOL_CONVERSION = YES;
				CLANG_WARN_COMMA = YES;
				CLANG_WARN_CONSTANT_CONVERSION = YES;
				CLANG_WARN_DEPRECATED_OBJC_IMPLEMENTATIONS = YES;
				CLANG_WARN_DIRECT_OBJC_ISA_USAGE = YES_ERROR;
				CLANG_WARN_DOCUMENTATION_COMMENTS = YES;
				CLANG_WARN_EMPTY_BODY = YES;
				CLANG_WARN_ENUM_CONVERSION = YES;
				CLANG_WARN_INFINITE_RECURSION = YES;
				CLANG_WARN_INT_CONVERSION = YES;
				CLANG_WARN_NON_LITERAL_NULL_CONVERSION = YES;
				CLANG_WARN_OBJC_IMPLICIT_RETAIN_SELF = YES;
				CLANG_WARN_OBJC_LITERAL_CONVERSION = YES;
				CLANG_WARN_OBJC_ROOT_CLASS = YES_ERROR;
				CLANG_WARN_QUOTED_INCLUDE_IN_FRAMEWORK_HEADER = YES;
				CLANG_WARN_RANGE_LOOP_ANALYSIS = YES;
				CLANG_WARN_STRICT_PROTOTYPES = YES;
				CLANG_WARN_SUSPICIOUS_MOVE = YES;
				CLANG_WARN_UNGUARDED_AVAILABILITY = YES_AGGRESSIVE;
				CLANG_WARN_UNREACHABLE_CODE = YES;
				CLANG_WARN__DUPLICATE_METHOD_MATCH = YES;
				COPY_PHASE_STRIP = NO;
				DEBUG_INFORMATION_FORMAT = "dwarf-with-dsym";
				ENABLE_NS_ASSERTIONS = NO;
				ENABLE_STRICT_OBJC_MSGSEND = YES;
				GCC_C_LANGUAGE_STANDARD = gnu11;
				GCC_NO_COMMON_BLOCKS = YES;
				GCC_WARN_64_TO_32_BIT_CONVERSION = YES;
				GCC_WARN_ABOUT_RETURN_TYPE = YES_ERROR;
				GCC_WARN_UNDECLARED_SELECTOR = YES;
				GCC_WARN_UNINITIALIZED_AUTOS = YES_AGGRESSIVE;
				GCC_WARN_UNUSED_FUNCTION = YES;
				GCC_WARN_UNUSED_VARIABLE = YES;
				IPHONEOS_DEPLOYMENT_TARGET = 16.4;
				MTL_ENABLE_DEBUG_INFO = NO;
				MTL_FAST_MATH = YES;
				SDKROOT = iphoneos;
				SWIFT_COMPILATION_MODE = wholemodule;
				SWIFT_OPTIMIZATION_LEVEL = "-O";
				VALIDATE_PRODUCT = YES;
			};
			name = Release;
		};
		322B993A2A97564C00BC1EF4 /* Debug */ = {
			isa = XCBuildConfiguration;
			buildSettings = {
				ASSETCATALOG_COMPILER_APPICON_NAME = AppIcon;
				ASSETCATALOG_COMPILER_GLOBAL_ACCENT_COLOR_NAME = AccentColor;
				CODE_SIGN_STYLE = Automatic;
				CURRENT_PROJECT_VERSION = 1;
				DEVELOPMENT_ASSET_PATHS = "\"TaskFlow/Preview Content\"";
				DEVELOPMENT_TEAM = YN6MGUXLHK;
				ENABLE_PREVIEWS = YES;
				GENERATE_INFOPLIST_FILE = YES;
				INFOPLIST_KEY_UIApplicationSceneManifest_Generation = YES;
				INFOPLIST_KEY_UIApplicationSupportsIndirectInputEvents = YES;
				INFOPLIST_KEY_UILaunchScreen_Generation = YES;
				INFOPLIST_KEY_UILaunchStoryboardName = LaunchScreen.storyboard;
				INFOPLIST_KEY_UISupportedInterfaceOrientations_iPad = "UIInterfaceOrientationPortrait UIInterfaceOrientationPortraitUpsideDown UIInterfaceOrientationLandscapeLeft UIInterfaceOrientationLandscapeRight";
				INFOPLIST_KEY_UISupportedInterfaceOrientations_iPhone = "UIInterfaceOrientationPortrait UIInterfaceOrientationLandscapeLeft UIInterfaceOrientationLandscapeRight";
				LD_RUNPATH_SEARCH_PATHS = (
					"$(inherited)",
					"@executable_path/Frameworks",
				);
				MARKETING_VERSION = 1.0;
				PRODUCT_BUNDLE_IDENTIFIER = com.appsite.TaskFlow;
				PRODUCT_NAME = "$(TARGET_NAME)";
				SWIFT_EMIT_LOC_STRINGS = YES;
				SWIFT_VERSION = 5.0;
				TARGETED_DEVICE_FAMILY = "1,2";
			};
			name = Debug;
		};
		322B993B2A97564C00BC1EF4 /* Release */ = {
			isa = XCBuildConfiguration;
			buildSettings = {
				ASSETCATALOG_COMPILER_APPICON_NAME = AppIcon;
				ASSETCATALOG_COMPILER_GLOBAL_ACCENT_COLOR_NAME = AccentColor;
				CODE_SIGN_STYLE = Automatic;
				CURRENT_PROJECT_VERSION = 1;
				DEVELOPMENT_ASSET_PATHS = "\"TaskFlow/Preview Content\"";
				DEVELOPMENT_TEAM = YN6MGUXLHK;
				ENABLE_PREVIEWS = YES;
				GENERATE_INFOPLIST_FILE = YES;
				INFOPLIST_KEY_UIApplicationSceneManifest_Generation = YES;
				INFOPLIST_KEY_UIApplicationSupportsIndirectInputEvents = YES;
				INFOPLIST_KEY_UILaunchScreen_Generation = YES;
				INFOPLIST_KEY_UILaunchStoryboardName = LaunchScreen.storyboard;
				INFOPLIST_KEY_UISupportedInterfaceOrientations_iPad = "UIInterfaceOrientationPortrait UIInterfaceOrientationPortraitUpsideDown UIInterfaceOrientationLandscapeLeft UIInterfaceOrientationLandscapeRight";
				INFOPLIST_KEY_UISupportedInterfaceOrientations_iPhone = "UIInterfaceOrientationPortrait UIInterfaceOrientationLandscapeLeft UIInterfaceOrientationLandscapeRight";
				LD_RUNPATH_SEARCH_PATHS = (
					"$(inherited)",
					"@executable_path/Frameworks",
				);
				MARKETING_VERSION = 1.0;
				PRODUCT_BUNDLE_IDENTIFIER = com.appsite.TaskFlow;
				PRODUCT_NAME = "$(TARGET_NAME)";
				SWIFT_EMIT_LOC_STRINGS = YES;
				SWIFT_VERSION = 5.0;
				TARGETED_DEVICE_FAMILY = "1,2";
			};
			name = Release;
		};
/* End XCBuildConfiguration section */

/* Begin XCConfigurationList section */
		322B99262A97564700BC1EF4 /* Build configuration list for PBXProject "TaskFlow" */ = {
			isa = XCConfigurationList;
			buildConfigurations = (
				322B99372A97564C00BC1EF4 /* Debug */,
				322B99382A97564C00BC1EF4 /* Release */,
			);
			defaultConfigurationIsVisible = 0;
			defaultConfigurationName = Release;
		};
		322B99392A97564C00BC1EF4 /* Build configuration list for PBXNativeTarget "TaskFlow" */ = {
			isa = XCConfigurationList;
			buildConfigurations = (
				322B993A2A97564C00BC1EF4 /* Debug */,
				322B993B2A97564C00BC1EF4 /* Release */,
			);
			defaultConfigurationIsVisible = 0;
			defaultConfigurationName = Release;
		};
/* End XCConfigurationList section */
	};
	rootObject = 322B99232A97564700BC1EF4 /* Project object */;
}
